
Microsoft Visual Studio Solution File, Format Version 12.00
# Visual Studio 14
VisualStudioVersion = 14.0.23107.0
MinimumVisualStudioVersion = 10.0.40219.1
Project("{FAE04EC0-301F-11D3-BF4B-00C04F79EFBC}") = "Exercise_2_4_2", "Exercise_2_4_2\Exercise_2_4_2.csproj", "{45ED9F5F-1223-4655-93EA-0A55AF2E1812}"
EndProject
Project("{FAE04EC0-301F-11D3-BF4B-00C04F79EFBC}") = "Exercise_2_4_3", "Exercise_2_4_3\Exercise_2_4_3.csproj", "{52238225-C643-47C7-8D52-4F116CB85E3E}"
EndProject
Project("{FAE04EC0-301F-11D3-BF4B-00C04F79EFBC}") = "Exercise_2_4_1", "Exercise_2_4_1\Exercise_2_4_1.csproj", "{ABE0BB0A-C4EF-45C1-B9FF-29E33552BCAE}"
EndProject
Global
	GlobalSection(SolutionConfigurationPlatforms) = preSolution
		Debug|Any CPU = Debug|Any CPU
		Release|Any CPU = Release|Any CPU
	EndGlobalSection
	GlobalSection(ProjectConfigurationPlatforms) = postSolution
		{45ED9F5F-1223-4655-93EA-0A55AF2E1812}.Debug|Any CPU.ActiveCfg = Debug|Any CPU
		{45ED9F5F-1223-4655-93EA-0A55AF2E1812}.Debug|Any CPU.Build.0 = Debug|Any CPU
		{45ED9F5F-1223-4655-93EA-0A55AF2E1812}.Release|Any CPU.ActiveCfg = Release|Any CPU
		{45ED9F5F-1223-4655-93EA-0A55AF2E1812}.Release|Any CPU.Build.0 = Release|Any CPU
		{52238225-C643-47C7-8D52-4F116CB85E3E}.Debug|Any CPU.ActiveCfg = Debug|Any CPU
		{52238225-C643-47C7-8D52-4F116CB85E3E}.Debug|Any CPU.Build.0 = Debug|Any CPU
		{52238225-C643-47C7-8D52-4F116CB85E3E}.Release|Any CPU.ActiveCfg = Release|Any CPU
		{52238225-C643-47C7-8D52-4F116CB85E3E}.Release|Any CPU.Build.0 = Release|Any CPU
		{ABE0BB0A-C4EF-45C1-B9FF-29E33552BCAE}.Debug|Any CPU.ActiveCfg = Debug|Any CPU
		{ABE0BB0A-C4EF-45C1-B9FF-29E33552BCAE}.Debug|Any CPU.Build.0 = Debug|Any CPU
		{ABE0BB0A-C4EF-45C1-B9FF-29E33552BCAE}.Release|Any CPU.ActiveCfg = Release|Any CPU
		{ABE0BB0A-C4EF-45C1-B9FF-29E33552BCAE}.Release|Any CPU.Build.0 = Release|Any CPU
	EndGlobalSection
	GlobalSection(SolutionProperties) = preSolution
		HideSolutionNode = FALSE
	EndGlobalSection
EndGlobal
